
Microsoft Visual Studio Solution File, Format Version 12.00
# Visual Studio 15
VisualStudioVersion = 15.0.28307.438
MinimumVisualStudioVersion = 10.0.40219.1
Project("{FAE04EC0-301F-11D3-BF4B-00C04F79EFBC}") = "page134", "page134\page134.csproj", "{023A818F-9705-487F-8119-F45BC2B19477}"
EndProject
Global
	GlobalSection(SolutionConfigurationPlatforms) = preSolution
		Debug|Any CPU = Debug|Any CPU
		Release|Any CPU = Release|Any CPU
	EndGlobalSection
	GlobalSection(ProjectConfigurationPlatforms) = postSolution
		{023A818F-9705-487F-8119-F45BC2B19477}.Debug|Any CPU.ActiveCfg = Debug|Any CPU
		{023A818F-9705-487F-8119-F45BC2B19477}.Debug|Any CPU.Build.0 = Debug|Any CPU
		{023A818F-9705-487F-8119-F45BC2B19477}.Release|Any CPU.ActiveCfg = Release|Any CPU
		{023A818F-9705-487F-8119-F45BC2B19477}.Release|Any CPU.Build.0 = Release|Any CPU
	EndGlobalSection
	GlobalSection(SolutionProperties) = preSolution
		HideSolutionNode = FALSE
	EndGlobalSection
	GlobalSection(ExtensibilityGlobals) = postSolution
		SolutionGuid = {022B2B4F-A4A7-448E-B0A8-E705C9394E4E}
	EndGlobalSection
EndGlobal
