
Microsoft Visual Studio Solution File, Format Version 12.00
# Visual Studio 15
VisualStudioVersion = 15.0.28307.438
MinimumVisualStudioVersion = 10.0.40219.1
Project("{FAE04EC0-301F-11D3-BF4B-00C04F79EFBC}") = "page113", "page113\page113.csproj", "{C9A6D49D-FEE5-4AE8-8933-E8DA6718EEA0}"
EndProject
Global
	GlobalSection(SolutionConfigurationPlatforms) = preSolution
		Debug|Any CPU = Debug|Any CPU
		Release|Any CPU = Release|Any CPU
	EndGlobalSection
	GlobalSection(ProjectConfigurationPlatforms) = postSolution
		{C9A6D49D-FEE5-4AE8-8933-E8DA6718EEA0}.Debug|Any CPU.ActiveCfg = Debug|Any CPU
		{C9A6D49D-FEE5-4AE8-8933-E8DA6718EEA0}.Debug|Any CPU.Build.0 = Debug|Any CPU
		{C9A6D49D-FEE5-4AE8-8933-E8DA6718EEA0}.Release|Any CPU.ActiveCfg = Release|Any CPU
		{C9A6D49D-FEE5-4AE8-8933-E8DA6718EEA0}.Release|Any CPU.Build.0 = Release|Any CPU
	EndGlobalSection
	GlobalSection(SolutionProperties) = preSolution
		HideSolutionNode = FALSE
	EndGlobalSection
	GlobalSection(ExtensibilityGlobals) = postSolution
		SolutionGuid = {1B3A28E1-78A9-4387-8C01-791B5FAE3D9D}
	EndGlobalSection
EndGlobal
