
Microsoft Visual Studio Solution File, Format Version 12.00
# Visual Studio 15
VisualStudioVersion = 15.0.28307.438
MinimumVisualStudioVersion = 10.0.40219.1
Project("{FAE04EC0-301F-11D3-BF4B-00C04F79EFBC}") = "CarInsurance", "CarInsurance\CarInsurance.csproj", "{9F9CE478-EFB3-418D-9B8A-26F960C93239}"
EndProject
Global
	GlobalSection(SolutionConfigurationPlatforms) = preSolution
		Debug|Any CPU = Debug|Any CPU
		Release|Any CPU = Release|Any CPU
	EndGlobalSection
	GlobalSection(ProjectConfigurationPlatforms) = postSolution
		{9F9CE478-EFB3-418D-9B8A-26F960C93239}.Debug|Any CPU.ActiveCfg = Debug|Any CPU
		{9F9CE478-EFB3-418D-9B8A-26F960C93239}.Debug|Any CPU.Build.0 = Debug|Any CPU
		{9F9CE478-EFB3-418D-9B8A-26F960C93239}.Release|Any CPU.ActiveCfg = Release|Any CPU
		{9F9CE478-EFB3-418D-9B8A-26F960C93239}.Release|Any CPU.Build.0 = Release|Any CPU
	EndGlobalSection
	GlobalSection(SolutionProperties) = preSolution
		HideSolutionNode = FALSE
	EndGlobalSection
	GlobalSection(ExtensibilityGlobals) = postSolution
		SolutionGuid = {935101C4-294D-42EB-8AC4-79E010DD3EFE}
	EndGlobalSection
EndGlobal
