
Microsoft Visual Studio Solution File, Format Version 12.00
# Visual Studio 15
VisualStudioVersion = 15.0.28307.438
MinimumVisualStudioVersion = 10.0.40219.1
Project("{FAE04EC0-301F-11D3-BF4B-00C04F79EFBC}") = "page106", "page106\page106.csproj", "{041386AF-DF7B-474C-A1AF-F100E11741AB}"
EndProject
Global
	GlobalSection(SolutionConfigurationPlatforms) = preSolution
		Debug|Any CPU = Debug|Any CPU
		Release|Any CPU = Release|Any CPU
	EndGlobalSection
	GlobalSection(ProjectConfigurationPlatforms) = postSolution
		{041386AF-DF7B-474C-A1AF-F100E11741AB}.Debug|Any CPU.ActiveCfg = Debug|Any CPU
		{041386AF-DF7B-474C-A1AF-F100E11741AB}.Debug|Any CPU.Build.0 = Debug|Any CPU
		{041386AF-DF7B-474C-A1AF-F100E11741AB}.Release|Any CPU.ActiveCfg = Release|Any CPU
		{041386AF-DF7B-474C-A1AF-F100E11741AB}.Release|Any CPU.Build.0 = Release|Any CPU
	EndGlobalSection
	GlobalSection(SolutionProperties) = preSolution
		HideSolutionNode = FALSE
	EndGlobalSection
	GlobalSection(ExtensibilityGlobals) = postSolution
		SolutionGuid = {4E106FDC-A78C-4686-8DC6-C0BFFF427D65}
	EndGlobalSection
EndGlobal
